{
  "name": "backend",
  "lockfileVersion": 3,
  "requires": true,
  "packages": {
    "": {
      "dependencies": {
        "pymongo": "^0.0.1-security"
      }
    },
    "node_modules/pymongo": {
      "version": "0.0.1-security",
      "resolved": "https://registry.npmjs.org/pymongo/-/pymongo-0.0.1-security.tgz",
      "integrity": "sha512-8k8EPTwuDLguWDrsByF1GCSPTkV4UnegrbdFRAyVru6uMB7T46SznGmYOCyNKCdlIgkGC3ynlA0d3c9F8EjhQQ=="
    }
  }
}
